
Microsoft Visual Studio Solution File, Format Version 12.00
# Visual Studio Version 16
VisualStudioVersion = 16.0.31205.134
MinimumVisualStudioVersion = 10.0.40219.1
Project("{9A19103F-16F7-4668-BE54-9A1E7A4F7556}") = "SortingAlgorithms", "SortingAlgorithms\SortingAlgorithms.csproj", "{6264ED8B-0AE4-4A9D-8BAA-2DD34726B476}"
EndProject
Project("{9A19103F-16F7-4668-BE54-9A1E7A4F7556}") = "QuickSort", "QuickSort\QuickSort.csproj", "{60D64F3F-9143-4EB6-9CF6-A9B32C720437}"
EndProject
Project("{9A19103F-16F7-4668-BE54-9A1E7A4F7556}") = "Logger", "Logger\Logger.csproj", "{6BFA8DB0-AD0F-44F9-99AC-F43C45F8F2A7}"
EndProject
Project("{9A19103F-16F7-4668-BE54-9A1E7A4F7556}") = "InsertionSort", "InsertionSort\InsertionSort.csproj", "{7DCD7B07-8476-4923-924C-D89B3A95CD76}"
EndProject
Project("{9A19103F-16F7-4668-BE54-9A1E7A4F7556}") = "RadixSort", "RadixSort\RadixSort.csproj", "{BA5EEC60-05E2-4FB1-9327-03ABC1D46396}"
EndProject
Global
	GlobalSection(SolutionConfigurationPlatforms) = preSolution
		Debug|Any CPU = Debug|Any CPU
		Release|Any CPU = Release|Any CPU
	EndGlobalSection
	GlobalSection(ProjectConfigurationPlatforms) = postSolution
		{6264ED8B-0AE4-4A9D-8BAA-2DD34726B476}.Debug|Any CPU.ActiveCfg = Debug|Any CPU
		{6264ED8B-0AE4-4A9D-8BAA-2DD34726B476}.Debug|Any CPU.Build.0 = Debug|Any CPU
		{6264ED8B-0AE4-4A9D-8BAA-2DD34726B476}.Release|Any CPU.ActiveCfg = Release|Any CPU
		{6264ED8B-0AE4-4A9D-8BAA-2DD34726B476}.Release|Any CPU.Build.0 = Release|Any CPU
		{60D64F3F-9143-4EB6-9CF6-A9B32C720437}.Debug|Any CPU.ActiveCfg = Debug|Any CPU
		{60D64F3F-9143-4EB6-9CF6-A9B32C720437}.Debug|Any CPU.Build.0 = Debug|Any CPU
		{60D64F3F-9143-4EB6-9CF6-A9B32C720437}.Release|Any CPU.ActiveCfg = Release|Any CPU
		{60D64F3F-9143-4EB6-9CF6-A9B32C720437}.Release|Any CPU.Build.0 = Release|Any CPU
		{6BFA8DB0-AD0F-44F9-99AC-F43C45F8F2A7}.Debug|Any CPU.ActiveCfg = Debug|Any CPU
		{6BFA8DB0-AD0F-44F9-99AC-F43C45F8F2A7}.Debug|Any CPU.Build.0 = Debug|Any CPU
		{6BFA8DB0-AD0F-44F9-99AC-F43C45F8F2A7}.Release|Any CPU.ActiveCfg = Release|Any CPU
		{6BFA8DB0-AD0F-44F9-99AC-F43C45F8F2A7}.Release|Any CPU.Build.0 = Release|Any CPU
		{7DCD7B07-8476-4923-924C-D89B3A95CD76}.Debug|Any CPU.ActiveCfg = Debug|Any CPU
		{7DCD7B07-8476-4923-924C-D89B3A95CD76}.Debug|Any CPU.Build.0 = Debug|Any CPU
		{7DCD7B07-8476-4923-924C-D89B3A95CD76}.Release|Any CPU.ActiveCfg = Release|Any CPU
		{7DCD7B07-8476-4923-924C-D89B3A95CD76}.Release|Any CPU.Build.0 = Release|Any CPU
		{BA5EEC60-05E2-4FB1-9327-03ABC1D46396}.Debug|Any CPU.ActiveCfg = Debug|Any CPU
		{BA5EEC60-05E2-4FB1-9327-03ABC1D46396}.Debug|Any CPU.Build.0 = Debug|Any CPU
		{BA5EEC60-05E2-4FB1-9327-03ABC1D46396}.Release|Any CPU.ActiveCfg = Release|Any CPU
		{BA5EEC60-05E2-4FB1-9327-03ABC1D46396}.Release|Any CPU.Build.0 = Release|Any CPU
	EndGlobalSection
	GlobalSection(SolutionProperties) = preSolution
		HideSolutionNode = FALSE
	EndGlobalSection
	GlobalSection(ExtensibilityGlobals) = postSolution
		SolutionGuid = {2E2225F0-230B-46BE-8617-181AA8E027EE}
	EndGlobalSection
EndGlobal
